
Microsoft Visual Studio Solution File, Format Version 12.00
# Visual Studio Version 17
VisualStudioVersion = 17.3.32825.248
MinimumVisualStudioVersion = 10.0.40219.1
Project("{FAE04EC0-301F-11D3-BF4B-00C04F79EFBC}") = "HtmlApplication", "HtmlApplication\HtmlApplication.csproj", "{718583CE-D700-4870-8917-3E55F638F351}"
EndProject
Global
	GlobalSection(SolutionConfigurationPlatforms) = preSolution
		Debug|Any CPU = Debug|Any CPU
		Release|Any CPU = Release|Any CPU
	EndGlobalSection
	GlobalSection(ProjectConfigurationPlatforms) = postSolution
		{718583CE-D700-4870-8917-3E55F638F351}.Debug|Any CPU.ActiveCfg = Debug|Any CPU
		{718583CE-D700-4870-8917-3E55F638F351}.Debug|Any CPU.Build.0 = Debug|Any CPU
		{718583CE-D700-4870-8917-3E55F638F351}.Release|Any CPU.ActiveCfg = Release|Any CPU
		{718583CE-D700-4870-8917-3E55F638F351}.Release|Any CPU.Build.0 = Release|Any CPU
	EndGlobalSection
	GlobalSection(SolutionProperties) = preSolution
		HideSolutionNode = FALSE
	EndGlobalSection
	GlobalSection(ExtensibilityGlobals) = postSolution
		SolutionGuid = {70CCB06C-6147-43A0-8FC9-993679B23316}
	EndGlobalSection
EndGlobal
